{
  "name": "bytepad-plugins",
  "version": "3.0.0",
  "lockfileVersion": 3,
  "requires": true,
  "packages": {
    "": {
      "name": "bytepad-plugins",
      "version": "3.0.0",
      "dependencies": {
        "bytepad-types": "file:../bytepad-types"
      }
    },
    "../bytepad-types": {
      "version": "3.0.0"
    },
    "node_modules/bytepad-types": {
      "resolved": "../bytepad-types",
      "link": true
    }
  }
}
